// !$*UTF8*$!
{
	archiveVersion = 1;
	classes = {
	};
	objectVersion = 55;
	objects = {

/* Begin PBXBuildFile section */
		6334870C27FDC96B00C3CE30 /* AppDelegate.swift in Sources */ = {isa = PBXBuildFile; fileRef = 6334870B27FDC96B00C3CE30 /* AppDelegate.swift */; };
		6334870E27FDC96B00C3CE30 /* SceneDelegate.swift in Sources */ = {isa = PBXBuildFile; fileRef = 6334870D27FDC96B00C3CE30 /* SceneDelegate.swift */; };
		6334871527FDC96C00C3CE30 /* Assets.xcassets in Resources */ = {isa = PBXBuildFile; fileRef = 6334871427FDC96C00C3CE30 /* Assets.xcassets */; };
		6334871827FDC96C00C3CE30 /* LaunchScreen.storyboard in Resources */ = {isa = PBXBuildFile; fileRef = 6334871627FDC96C00C3CE30 /* LaunchScreen.storyboard */; };
		6334872A27FDCA0700C3CE30 /* NetworkRequestType.swift in Sources */ = {isa = PBXBuildFile; fileRef = 6334872927FDCA0700C3CE30 /* NetworkRequestType.swift */; };
		6334872C27FDCA2100C3CE30 /* NetworkService.swift in Sources */ = {isa = PBXBuildFile; fileRef = 6334872B27FDCA2100C3CE30 /* NetworkService.swift */; };
		6334872E27FDCA3300C3CE30 /* APIEndpoints.swift in Sources */ = {isa = PBXBuildFile; fileRef = 6334872D27FDCA3300C3CE30 /* APIEndpoints.swift */; };
		63B92D9A27FEE25800B4583A /* AppFlowCoordinator.swift in Sources */ = {isa = PBXBuildFile; fileRef = 63B92D9927FEE25800B4583A /* AppFlowCoordinator.swift */; };
		63B92D9C27FEE26E00B4583A /* AppDIContainer.swift in Sources */ = {isa = PBXBuildFile; fileRef = 63B92D9B27FEE26E00B4583A /* AppDIContainer.swift */; };
		63B92DA027FEE3EB00B4583A /* HomeFlowCoordinator.swift in Sources */ = {isa = PBXBuildFile; fileRef = 63B92D9F27FEE3EB00B4583A /* HomeFlowCoordinator.swift */; };
		63B92DA227FEE40000B4583A /* HomeFlowFactory.swift in Sources */ = {isa = PBXBuildFile; fileRef = 63B92DA127FEE40000B4583A /* HomeFlowFactory.swift */; };
		63B92DA427FEE6D000B4583A /* AppFlowFactory.swift in Sources */ = {isa = PBXBuildFile; fileRef = 63B92DA327FEE6D000B4583A /* AppFlowFactory.swift */; };
		63B92DA627FEEB2300B4583A /* CoordinatorType.swift in Sources */ = {isa = PBXBuildFile; fileRef = 63B92DA527FEEB2300B4583A /* CoordinatorType.swift */; };
		63B92DA827FEED0200B4583A /* ETHUseCaseType.swift in Sources */ = {isa = PBXBuildFile; fileRef = 63B92DA727FEED0200B4583A /* ETHUseCaseType.swift */; };
		63B92DAA27FEED7100B4583A /* APIEndpoints+OpenSea.swift in Sources */ = {isa = PBXBuildFile; fileRef = 63B92DA927FEED7100B4583A /* APIEndpoints+OpenSea.swift */; };
		63B92DAC27FEED8D00B4583A /* APIEndpoints+ETH.swift in Sources */ = {isa = PBXBuildFile; fileRef = 63B92DAB27FEED8C00B4583A /* APIEndpoints+ETH.swift */; };
		63B92DAE27FEEE9500B4583A /* GetETHAmountDTO.swift in Sources */ = {isa = PBXBuildFile; fileRef = 63B92DAD27FEEE9500B4583A /* GetETHAmountDTO.swift */; };
		63BADB7427FDCDA500A7A866 /* OpenSeaUseCaseType.swift in Sources */ = {isa = PBXBuildFile; fileRef = 63BADB7327FDCDA500A7A866 /* OpenSeaUseCaseType.swift */; };
		63BADB7627FDCDD000A7A866 /* OpenSeaAsset.swift in Sources */ = {isa = PBXBuildFile; fileRef = 63BADB7527FDCDD000A7A866 /* OpenSeaAsset.swift */; };
		63BADB7927FDCF4000A7A866 /* OpenSeaAssetDTO.swift in Sources */ = {isa = PBXBuildFile; fileRef = 63BADB7827FDCF4000A7A866 /* OpenSeaAssetDTO.swift */; };
		63BADB7B27FDD12400A7A866 /* DataMappingError.swift in Sources */ = {isa = PBXBuildFile; fileRef = 63BADB7A27FDD12400A7A866 /* DataMappingError.swift */; };
		63BADB7E27FDD46F00A7A866 /* HomeViewController.swift in Sources */ = {isa = PBXBuildFile; fileRef = 63BADB7D27FDD46F00A7A866 /* HomeViewController.swift */; };
		63BADB8027FDD48A00A7A866 /* HomeViewModel.swift in Sources */ = {isa = PBXBuildFile; fileRef = 63BADB7F27FDD48A00A7A866 /* HomeViewModel.swift */; };
		63BADB9227FDE38F00A7A866 /* HomeCellectionViewCell.swift in Sources */ = {isa = PBXBuildFile; fileRef = 63BADB9127FDE38F00A7A866 /* HomeCellectionViewCell.swift */; };
		63BADB9427FE7EDC00A7A866 /* HomeCollectionViewLoadingCell.swift in Sources */ = {isa = PBXBuildFile; fileRef = 63BADB9327FE7EDC00A7A866 /* HomeCollectionViewLoadingCell.swift */; };
		63BADB9727FE8A9200A7A866 /* AssetDetailViewController.swift in Sources */ = {isa = PBXBuildFile; fileRef = 63BADB9627FE8A9200A7A866 /* AssetDetailViewController.swift */; };
		63BADB9927FE8A9800A7A866 /* AssetDetailViewModel.swift in Sources */ = {isa = PBXBuildFile; fileRef = 63BADB9827FE8A9800A7A866 /* AssetDetailViewModel.swift */; };
		79F617084114A2462C296860 /* Pods_Homework.framework in Frameworks */ = {isa = PBXBuildFile; fileRef = 1147391028560A9E034DD652 /* Pods_Homework.framework */; };
/* End PBXBuildFile section */

/* Begin PBXFileReference section */
		1147391028560A9E034DD652 /* Pods_Homework.framework */ = {isa = PBXFileReference; explicitFileType = wrapper.framework; includeInIndex = 0; path = Pods_Homework.framework; sourceTree = BUILT_PRODUCTS_DIR; };
		3E9079A6CF44ED1C2C3AD50C /* Pods-Homework.release.xcconfig */ = {isa = PBXFileReference; includeInIndex = 1; lastKnownFileType = text.xcconfig; name = "Pods-Homework.release.xcconfig"; path = "Target Support Files/Pods-Homework/Pods-Homework.release.xcconfig"; sourceTree = "<group>"; };
		6334870827FDC96B00C3CE30 /* Homework.app */ = {isa = PBXFileReference; explicitFileType = wrapper.application; includeInIndex = 0; path = Homework.app; sourceTree = BUILT_PRODUCTS_DIR; };
		6334870B27FDC96B00C3CE30 /* AppDelegate.swift */ = {isa = PBXFileReference; lastKnownFileType = sourcecode.swift; path = AppDelegate.swift; sourceTree = "<group>"; };
		6334870D27FDC96B00C3CE30 /* SceneDelegate.swift */ = {isa = PBXFileReference; lastKnownFileType = sourcecode.swift; path = SceneDelegate.swift; sourceTree = "<group>"; };
		6334871427FDC96C00C3CE30 /* Assets.xcassets */ = {isa = PBXFileReference; lastKnownFileType = folder.assetcatalog; path = Assets.xcassets; sourceTree = "<group>"; };
		6334871727FDC96C00C3CE30 /* Base */ = {isa = PBXFileReference; lastKnownFileType = file.storyboard; name = Base; path = Base.lproj/LaunchScreen.storyboard; sourceTree = "<group>"; };
		6334871927FDC96C00C3CE30 /* Info.plist */ = {isa = PBXFileReference; lastKnownFileType = text.plist.xml; path = Info.plist; sourceTree = "<group>"; };
		6334872927FDCA0700C3CE30 /* NetworkRequestType.swift */ = {isa = PBXFileReference; lastKnownFileType = sourcecode.swift; path = NetworkRequestType.swift; sourceTree = "<group>"; };
		6334872B27FDCA2100C3CE30 /* NetworkService.swift */ = {isa = PBXFileReference; lastKnownFileType = sourcecode.swift; path = NetworkService.swift; sourceTree = "<group>"; };
		6334872D27FDCA3300C3CE30 /* APIEndpoints.swift */ = {isa = PBXFileReference; lastKnownFileType = sourcecode.swift; path = APIEndpoints.swift; sourceTree = "<group>"; };
		63B92D9927FEE25800B4583A /* AppFlowCoordinator.swift */ = {isa = PBXFileReference; lastKnownFileType = sourcecode.swift; path = AppFlowCoordinator.swift; sourceTree = "<group>"; };
		63B92D9B27FEE26E00B4583A /* AppDIContainer.swift */ = {isa = PBXFileReference; lastKnownFileType = sourcecode.swift; path = AppDIContainer.swift; sourceTree = "<group>"; };
		63B92D9F27FEE3EB00B4583A /* HomeFlowCoordinator.swift */ = {isa = PBXFileReference; lastKnownFileType = sourcecode.swift; path = HomeFlowCoordinator.swift; sourceTree = "<group>"; };
		63B92DA127FEE40000B4583A /* HomeFlowFactory.swift */ = {isa = PBXFileReference; lastKnownFileType = sourcecode.swift; path = HomeFlowFactory.swift; sourceTree = "<group>"; };
		63B92DA327FEE6D000B4583A /* AppFlowFactory.swift */ = {isa = PBXFileReference; lastKnownFileType = sourcecode.swift; path = AppFlowFactory.swift; sourceTree = "<group>"; };
		63B92DA527FEEB2300B4583A /* CoordinatorType.swift */ = {isa = PBXFileReference; lastKnownFileType = sourcecode.swift; path = CoordinatorType.swift; sourceTree = "<group>"; };
		63B92DA727FEED0200B4583A /* ETHUseCaseType.swift */ = {isa = PBXFileReference; lastKnownFileType = sourcecode.swift; path = ETHUseCaseType.swift; sourceTree = "<group>"; };
		63B92DA927FEED7100B4583A /* APIEndpoints+OpenSea.swift */ = {isa = PBXFileReference; lastKnownFileType = sourcecode.swift; path = "APIEndpoints+OpenSea.swift"; sourceTree = "<group>"; };
		63B92DAB27FEED8C00B4583A /* APIEndpoints+ETH.swift */ = {isa = PBXFileReference; lastKnownFileType = sourcecode.swift; path = "APIEndpoints+ETH.swift"; sourceTree = "<group>"; };
		63B92DAD27FEEE9500B4583A /* GetETHAmountDTO.swift */ = {isa = PBXFileReference; lastKnownFileType = sourcecode.swift; path = GetETHAmountDTO.swift; sourceTree = "<group>"; };
		63BADB7327FDCDA500A7A866 /* OpenSeaUseCaseType.swift */ = {isa = PBXFileReference; lastKnownFileType = sourcecode.swift; path = OpenSeaUseCaseType.swift; sourceTree = "<group>"; };
		63BADB7527FDCDD000A7A866 /* OpenSeaAsset.swift */ = {isa = PBXFileReference; lastKnownFileType = sourcecode.swift; path = OpenSeaAsset.swift; sourceTree = "<group>"; };
		63BADB7827FDCF4000A7A866 /* OpenSeaAssetDTO.swift */ = {isa = PBXFileReference; lastKnownFileType = sourcecode.swift; path = OpenSeaAssetDTO.swift; sourceTree = "<group>"; };
		63BADB7A27FDD12400A7A866 /* DataMappingError.swift */ = {isa = PBXFileReference; lastKnownFileType = sourcecode.swift; path = DataMappingError.swift; sourceTree = "<group>"; };
		63BADB7D27FDD46F00A7A866 /* HomeViewController.swift */ = {isa = PBXFileReference; lastKnownFileType = sourcecode.swift; path = HomeViewController.swift; sourceTree = "<group>"; };
		63BADB7F27FDD48A00A7A866 /* HomeViewModel.swift */ = {isa = PBXFileReference; lastKnownFileType = sourcecode.swift; path = HomeViewModel.swift; sourceTree = "<group>"; };
		63BADB9127FDE38F00A7A866 /* HomeCellectionViewCell.swift */ = {isa = PBXFileReference; lastKnownFileType = sourcecode.swift; path = HomeCellectionViewCell.swift; sourceTree = "<group>"; };
		63BADB9327FE7EDC00A7A866 /* HomeCollectionViewLoadingCell.swift */ = {isa = PBXFileReference; lastKnownFileType = sourcecode.swift; path = HomeCollectionViewLoadingCell.swift; sourceTree = "<group>"; };
		63BADB9627FE8A9200A7A866 /* AssetDetailViewController.swift */ = {isa = PBXFileReference; lastKnownFileType = sourcecode.swift; path = AssetDetailViewController.swift; sourceTree = "<group>"; };
		63BADB9827FE8A9800A7A866 /* AssetDetailViewModel.swift */ = {isa = PBXFileReference; lastKnownFileType = sourcecode.swift; path = AssetDetailViewModel.swift; sourceTree = "<group>"; };
		C095792368C8C8AC3F2AD722 /* Pods-Homework.debug.xcconfig */ = {isa = PBXFileReference; includeInIndex = 1; lastKnownFileType = text.xcconfig; name = "Pods-Homework.debug.xcconfig"; path = "Target Support Files/Pods-Homework/Pods-Homework.debug.xcconfig"; sourceTree = "<group>"; };
/* End PBXFileReference section */

/* Begin PBXFrameworksBuildPhase section */
		6334870527FDC96B00C3CE30 /* Frameworks */ = {
			isa = PBXFrameworksBuildPhase;
			buildActionMask = 2147483647;
			files = (
				79F617084114A2462C296860 /* Pods_Homework.framework in Frameworks */,
			);
			runOnlyForDeploymentPostprocessing = 0;
		};
/* End PBXFrameworksBuildPhase section */

/* Begin PBXGroup section */
		633486FF27FDC96B00C3CE30 = {
			isa = PBXGroup;
			children = (
				6334870A27FDC96B00C3CE30 /* Homework */,
				6334870927FDC96B00C3CE30 /* Products */,
				F96769C72D20DD4F4AB9C51C /* Pods */,
				952CE8BF6091C3023800555A /* Frameworks */,
			);
			sourceTree = "<group>";
		};
		6334870927FDC96B00C3CE30 /* Products */ = {
			isa = PBXGroup;
			children = (
				6334870827FDC96B00C3CE30 /* Homework.app */,
			);
			name = Products;
			sourceTree = "<group>";
		};
		6334870A27FDC96B00C3CE30 /* Homework */ = {
			isa = PBXGroup;
			children = (
				6334872F27FDCB5E00C3CE30 /* Application */,
				63BADB7027FDCD0C00A7A866 /* Domain */,
				6334872727FDC9F600C3CE30 /* Data */,
				6334871427FDC96C00C3CE30 /* Assets.xcassets */,
				6334871627FDC96C00C3CE30 /* LaunchScreen.storyboard */,
				6334871927FDC96C00C3CE30 /* Info.plist */,
			);
			path = Homework;
			sourceTree = "<group>";
		};
		6334872727FDC9F600C3CE30 /* Data */ = {
			isa = PBXGroup;
			children = (
				6334872827FDC9FF00C3CE30 /* Network */,
			);
			path = Data;
			sourceTree = "<group>";
		};
		6334872827FDC9FF00C3CE30 /* Network */ = {
			isa = PBXGroup;
			children = (
				6334872927FDCA0700C3CE30 /* NetworkRequestType.swift */,
				6334872B27FDCA2100C3CE30 /* NetworkService.swift */,
				6334872D27FDCA3300C3CE30 /* APIEndpoints.swift */,
				63B92DA927FEED7100B4583A /* APIEndpoints+OpenSea.swift */,
				63B92DAB27FEED8C00B4583A /* APIEndpoints+ETH.swift */,
				63BADB7727FDCF2100A7A866 /* Data Mapping */,
			);
			path = Network;
			sourceTree = "<group>";
		};
		6334872F27FDCB5E00C3CE30 /* Application */ = {
			isa = PBXGroup;
			children = (
				6334870B27FDC96B00C3CE30 /* AppDelegate.swift */,
				6334870D27FDC96B00C3CE30 /* SceneDelegate.swift */,
				63B92D9827FEE24700B4583A /* Coordinators */,
				63BADB7C27FDD46500A7A866 /* Home */,
				63BADB9527FE8A8000A7A866 /* Asset Detail */,
			);
			path = Application;
			sourceTree = "<group>";
		};
		63B92D9827FEE24700B4583A /* Coordinators */ = {
			isa = PBXGroup;
			children = (
				63B92D9D27FEE3D600B4583A /* App */,
				63B92D9E27FEE3DB00B4583A /* Home */,
			);
			path = Coordinators;
			sourceTree = "<group>";
		};
		63B92D9D27FEE3D600B4583A /* App */ = {
			isa = PBXGroup;
			children = (
				63B92DA527FEEB2300B4583A /* CoordinatorType.swift */,
				63B92D9927FEE25800B4583A /* AppFlowCoordinator.swift */,
				63B92DA327FEE6D000B4583A /* AppFlowFactory.swift */,
				63B92D9B27FEE26E00B4583A /* AppDIContainer.swift */,
			);
			path = App;
			sourceTree = "<group>";
		};
		63B92D9E27FEE3DB00B4583A /* Home */ = {
			isa = PBXGroup;
			children = (
				63B92D9F27FEE3EB00B4583A /* HomeFlowCoordinator.swift */,
				63B92DA127FEE40000B4583A /* HomeFlowFactory.swift */,
			);
			path = Home;
			sourceTree = "<group>";
		};
		63BADB7027FDCD0C00A7A866 /* Domain */ = {
			isa = PBXGroup;
			children = (
				63BADB7127FDCD8800A7A866 /* Entity */,
				63BADB7227FDCD8E00A7A866 /* Use Case */,
			);
			path = Domain;
			sourceTree = "<group>";
		};
		63BADB7127FDCD8800A7A866 /* Entity */ = {
			isa = PBXGroup;
			children = (
				63BADB7527FDCDD000A7A866 /* OpenSeaAsset.swift */,
			);
			path = Entity;
			sourceTree = "<group>";
		};
		63BADB7227FDCD8E00A7A866 /* Use Case */ = {
			isa = PBXGroup;
			children = (
				63BADB7327FDCDA500A7A866 /* OpenSeaUseCaseType.swift */,
				63B92DA727FEED0200B4583A /* ETHUseCaseType.swift */,
			);
			path = "Use Case";
			sourceTree = "<group>";
		};
		63BADB7727FDCF2100A7A866 /* Data Mapping */ = {
			isa = PBXGroup;
			children = (
				63BADB7A27FDD12400A7A866 /* DataMappingError.swift */,
				63BADB7827FDCF4000A7A866 /* OpenSeaAssetDTO.swift */,
				63B92DAD27FEEE9500B4583A /* GetETHAmountDTO.swift */,
			);
			path = "Data Mapping";
			sourceTree = "<group>";
		};
		63BADB7C27FDD46500A7A866 /* Home */ = {
			isa = PBXGroup;
			children = (
				63BADB7D27FDD46F00A7A866 /* HomeViewController.swift */,
				63BADB7F27FDD48A00A7A866 /* HomeViewModel.swift */,
				63BADB9127FDE38F00A7A866 /* HomeCellectionViewCell.swift */,
				63BADB9327FE7EDC00A7A866 /* HomeCollectionViewLoadingCell.swift */,
			);
			path = Home;
			sourceTree = "<group>";
		};
		63BADB9527FE8A8000A7A866 /* Asset Detail */ = {
			isa = PBXGroup;
			children = (
				63BADB9627FE8A9200A7A866 /* AssetDetailViewController.swift */,
				63BADB9827FE8A9800A7A866 /* AssetDetailViewModel.swift */,
			);
			path = "Asset Detail";
			sourceTree = "<group>";
		};
		952CE8BF6091C3023800555A /* Frameworks */ = {
			isa = PBXGroup;
			children = (
				1147391028560A9E034DD652 /* Pods_Homework.framework */,
			);
			name = Frameworks;
			sourceTree = "<group>";
		};
		F96769C72D20DD4F4AB9C51C /* Pods */ = {
			isa = PBXGroup;
			children = (
				C095792368C8C8AC3F2AD722 /* Pods-Homework.debug.xcconfig */,
				3E9079A6CF44ED1C2C3AD50C /* Pods-Homework.release.xcconfig */,
			);
			path = Pods;
			sourceTree = "<group>";
		};
/* End PBXGroup section */

/* Begin PBXNativeTarget section */
		6334870727FDC96B00C3CE30 /* Homework */ = {
			isa = PBXNativeTarget;
			buildConfigurationList = 6334871C27FDC96C00C3CE30 /* Build configuration list for PBXNativeTarget "Homework" */;
			buildPhases = (
				3E98E5F21CCB2DBB9BAF86E0 /* [CP] Check Pods Manifest.lock */,
				6334870427FDC96B00C3CE30 /* Sources */,
				6334870527FDC96B00C3CE30 /* Frameworks */,
				6334870627FDC96B00C3CE30 /* Resources */,
				BDD71FC19C7FA1356C3A94DE /* [CP] Embed Pods Frameworks */,
			);
			buildRules = (
			);
			dependencies = (
			);
			name = Homework;
			packageProductDependencies = (
			);
			productName = Homework;
			productReference = 6334870827FDC96B00C3CE30 /* Homework.app */;
			productType = "com.apple.product-type.application";
		};
/* End PBXNativeTarget section */

/* Begin PBXProject section */
		6334870027FDC96B00C3CE30 /* Project object */ = {
			isa = PBXProject;
			attributes = {
				BuildIndependentTargetsInParallel = 1;
				LastSwiftUpdateCheck = 1330;
				LastUpgradeCheck = 1330;
				TargetAttributes = {
					6334870727FDC96B00C3CE30 = {
						CreatedOnToolsVersion = 13.3;
					};
				};
			};
			buildConfigurationList = 6334870327FDC96B00C3CE30 /* Build configuration list for PBXProject "Homework" */;
			compatibilityVersion = "Xcode 13.0";
			developmentRegion = en;
			hasScannedForEncodings = 0;
			knownRegions = (
				en,
				Base,
			);
			mainGroup = 633486FF27FDC96B00C3CE30;
			packageReferences = (
			);
			productRefGroup = 6334870927FDC96B00C3CE30 /* Products */;
			projectDirPath = "";
			projectRoot = "";
			targets = (
				6334870727FDC96B00C3CE30 /* Homework */,
			);
		};
/* End PBXProject section */

/* Begin PBXResourcesBuildPhase section */
		6334870627FDC96B00C3CE30 /* Resources */ = {
			isa = PBXResourcesBuildPhase;
			buildActionMask = 2147483647;
			files = (
				6334871827FDC96C00C3CE30 /* LaunchScreen.storyboard in Resources */,
				6334871527FDC96C00C3CE30 /* Assets.xcassets in Resources */,
			);
			runOnlyForDeploymentPostprocessing = 0;
		};
/* End PBXResourcesBuildPhase section */

/* Begin PBXShellScriptBuildPhase section */
		3E98E5F21CCB2DBB9BAF86E0 /* [CP] Check Pods Manifest.lock */ = {
			isa = PBXShellScriptBuildPhase;
			buildActionMask = 2147483647;
			files = (
			);
			inputFileListPaths = (
			);
			inputPaths = (
				"${PODS_PODFILE_DIR_PATH}/Podfile.lock",
				"${PODS_ROOT}/Manifest.lock",
			);
			name = "[CP] Check Pods Manifest.lock";
			outputFileListPaths = (
			);
			outputPaths = (
				"$(DERIVED_FILE_DIR)/Pods-Homework-checkManifestLockResult.txt",
			);
			runOnlyForDeploymentPostprocessing = 0;
			shellPath = /bin/sh;
			shellScript = "diff \"${PODS_PODFILE_DIR_PATH}/Podfile.lock\" \"${PODS_ROOT}/Manifest.lock\" > /dev/null\nif [ $? != 0 ] ; then\n    # print error to STDERR\n    echo \"error: The sandbox is not in sync with the Podfile.lock. Run 'pod install' or update your CocoaPods installation.\" >&2\n    exit 1\nfi\n# This output is used by Xcode 'outputs' to avoid re-running this script phase.\necho \"SUCCESS\" > \"${SCRIPT_OUTPUT_FILE_0}\"\n";
			showEnvVarsInLog = 0;
		};
		BDD71FC19C7FA1356C3A94DE /* [CP] Embed Pods Frameworks */ = {
			isa = PBXShellScriptBuildPhase;
			buildActionMask = 2147483647;
			files = (
			);
			inputFileListPaths = (
				"${PODS_ROOT}/Target Support Files/Pods-Homework/Pods-Homework-frameworks-${CONFIGURATION}-input-files.xcfilelist",
			);
			name = "[CP] Embed Pods Frameworks";
			outputFileListPaths = (
				"${PODS_ROOT}/Target Support Files/Pods-Homework/Pods-Homework-frameworks-${CONFIGURATION}-output-files.xcfilelist",
			);
			runOnlyForDeploymentPostprocessing = 0;
			shellPath = /bin/sh;
			shellScript = "\"${PODS_ROOT}/Target Support Files/Pods-Homework/Pods-Homework-frameworks.sh\"\n";
			showEnvVarsInLog = 0;
		};
/* End PBXShellScriptBuildPhase section */

/* Begin PBXSourcesBuildPhase section */
		6334870427FDC96B00C3CE30 /* Sources */ = {
			isa = PBXSourcesBuildPhase;
			buildActionMask = 2147483647;
			files = (
				63BADB7627FDCDD000A7A866 /* OpenSeaAsset.swift in Sources */,
				63BADB7927FDCF4000A7A866 /* OpenSeaAssetDTO.swift in Sources */,
				6334872C27FDCA2100C3CE30 /* NetworkService.swift in Sources */,
				6334872A27FDCA0700C3CE30 /* NetworkRequestType.swift in Sources */,
				63B92DA427FEE6D000B4583A /* AppFlowFactory.swift in Sources */,
				63BADB9927FE8A9800A7A866 /* AssetDetailViewModel.swift in Sources */,
				63B92DAE27FEEE9500B4583A /* GetETHAmountDTO.swift in Sources */,
				63B92DA227FEE40000B4583A /* HomeFlowFactory.swift in Sources */,
				63B92DA027FEE3EB00B4583A /* HomeFlowCoordinator.swift in Sources */,
				63B92DAA27FEED7100B4583A /* APIEndpoints+OpenSea.swift in Sources */,
				63BADB7B27FDD12400A7A866 /* DataMappingError.swift in Sources */,
				63BADB9427FE7EDC00A7A866 /* HomeCollectionViewLoadingCell.swift in Sources */,
				63B92D9C27FEE26E00B4583A /* AppDIContainer.swift in Sources */,
				63B92DAC27FEED8D00B4583A /* APIEndpoints+ETH.swift in Sources */,
				63B92DA827FEED0200B4583A /* ETHUseCaseType.swift in Sources */,
				63BADB7427FDCDA500A7A866 /* OpenSeaUseCaseType.swift in Sources */,
				63BADB9727FE8A9200A7A866 /* AssetDetailViewController.swift in Sources */,
				63B92D9A27FEE25800B4583A /* AppFlowCoordinator.swift in Sources */,
				63BADB9227FDE38F00A7A866 /* HomeCellectionViewCell.swift in Sources */,
				63BADB8027FDD48A00A7A866 /* HomeViewModel.swift in Sources */,
				63BADB7E27FDD46F00A7A866 /* HomeViewController.swift in Sources */,
				63B92DA627FEEB2300B4583A /* CoordinatorType.swift in Sources */,
				6334872E27FDCA3300C3CE30 /* APIEndpoints.swift in Sources */,
				6334870C27FDC96B00C3CE30 /* AppDelegate.swift in Sources */,
				6334870E27FDC96B00C3CE30 /* SceneDelegate.swift in Sources */,
			);
			runOnlyForDeploymentPostprocessing = 0;
		};
/* End PBXSourcesBuildPhase section */

/* Begin PBXVariantGroup section */
		6334871627FDC96C00C3CE30 /* LaunchScreen.storyboard */ = {
			isa = PBXVariantGroup;
			children = (
				6334871727FDC96C00C3CE30 /* Base */,
			);
			name = LaunchScreen.storyboard;
			sourceTree = "<group>";
		};
/* End PBXVariantGroup section */

/* Begin XCBuildConfiguration section */
		6334871A27FDC96C00C3CE30 /* Debug */ = {
			isa = XCBuildConfiguration;
			buildSettings = {
				ALWAYS_SEARCH_USER_PATHS = NO;
				CLANG_ANALYZER_NONNULL = YES;
				CLANG_ANALYZER_NUMBER_OBJECT_CONVERSION = YES_AGGRESSIVE;
				CLANG_CXX_LANGUAGE_STANDARD = "gnu++17";
				CLANG_ENABLE_MODULES = YES;
				CLANG_ENABLE_OBJC_ARC = YES;
				CLANG_ENABLE_OBJC_WEAK = YES;
				CLANG_WARN_BLOCK_CAPTURE_AUTORELEASING = YES;
				CLANG_WARN_BOOL_CONVERSION = YES;
				CLANG_WARN_COMMA = YES;
				CLANG_WARN_CONSTANT_CONVERSION = YES;
				CLANG_WARN_DEPRECATED_OBJC_IMPLEMENTATIONS = YES;
				CLANG_WARN_DIRECT_OBJC_ISA_USAGE = YES_ERROR;
				CLANG_WARN_DOCUMENTATION_COMMENTS = YES;
				CLANG_WARN_EMPTY_BODY = YES;
				CLANG_WARN_ENUM_CONVERSION = YES;
				CLANG_WARN_INFINITE_RECURSION = YES;
				CLANG_WARN_INT_CONVERSION = YES;
				CLANG_WARN_NON_LITERAL_NULL_CONVERSION = YES;
				CLANG_WARN_OBJC_IMPLICIT_RETAIN_SELF = YES;
				CLANG_WARN_OBJC_LITERAL_CONVERSION = YES;
				CLANG_WARN_OBJC_ROOT_CLASS = YES_ERROR;
				CLANG_WARN_QUOTED_INCLUDE_IN_FRAMEWORK_HEADER = YES;
				CLANG_WARN_RANGE_LOOP_ANALYSIS = YES;
				CLANG_WARN_STRICT_PROTOTYPES = YES;
				CLANG_WARN_SUSPICIOUS_MOVE = YES;
				CLANG_WARN_UNGUARDED_AVAILABILITY = YES_AGGRESSIVE;
				CLANG_WARN_UNREACHABLE_CODE = YES;
				CLANG_WARN__DUPLICATE_METHOD_MATCH = YES;
				COPY_PHASE_STRIP = NO;
				DEBUG_INFORMATION_FORMAT = dwarf;
				ENABLE_STRICT_OBJC_MSGSEND = YES;
				ENABLE_TESTABILITY = YES;
				GCC_C_LANGUAGE_STANDARD = gnu11;
				GCC_DYNAMIC_NO_PIC = NO;
				GCC_NO_COMMON_BLOCKS = YES;
				GCC_OPTIMIZATION_LEVEL = 0;
				GCC_PREPROCESSOR_DEFINITIONS = (
					"DEBUG=1",
					"$(inherited)",
				);
				GCC_WARN_64_TO_32_BIT_CONVERSION = YES;
				GCC_WARN_ABOUT_RETURN_TYPE = YES_ERROR;
				GCC_WARN_UNDECLARED_SELECTOR = YES;
				GCC_WARN_UNINITIALIZED_AUTOS = YES_AGGRESSIVE;
				GCC_WARN_UNUSED_FUNCTION = YES;
				GCC_WARN_UNUSED_VARIABLE = YES;
				IPHONEOS_DEPLOYMENT_TARGET = 15.4;
				MTL_ENABLE_DEBUG_INFO = INCLUDE_SOURCE;
				MTL_FAST_MATH = YES;
				ONLY_ACTIVE_ARCH = YES;
				SDKROOT = iphoneos;
				SWIFT_ACTIVE_COMPILATION_CONDITIONS = DEBUG;
				SWIFT_OPTIMIZATION_LEVEL = "-Onone";
			};
			name = Debug;
		};
		6334871B27FDC96C00C3CE30 /* Release */ = {
			isa = XCBuildConfiguration;
			buildSettings = {
				ALWAYS_SEARCH_USER_PATHS = NO;
				CLANG_ANALYZER_NONNULL = YES;
				CLANG_ANALYZER_NUMBER_OBJECT_CONVERSION = YES_AGGRESSIVE;
				CLANG_CXX_LANGUAGE_STANDARD = "gnu++17";
				CLANG_ENABLE_MODULES = YES;
				CLANG_ENABLE_OBJC_ARC = YES;
				CLANG_ENABLE_OBJC_WEAK = YES;
				CLANG_WARN_BLOCK_CAPTURE_AUTORELEASING = YES;
				CLANG_WARN_BOOL_CONVERSION = YES;
				CLANG_WARN_COMMA = YES;
				CLANG_WARN_CONSTANT_CONVERSION = YES;
				CLANG_WARN_DEPRECATED_OBJC_IMPLEMENTATIONS = YES;
				CLANG_WARN_DIRECT_OBJC_ISA_USAGE = YES_ERROR;
				CLANG_WARN_DOCUMENTATION_COMMENTS = YES;
				CLANG_WARN_EMPTY_BODY = YES;
				CLANG_WARN_ENUM_CONVERSION = YES;
				CLANG_WARN_INFINITE_RECURSION = YES;
				CLANG_WARN_INT_CONVERSION = YES;
				CLANG_WARN_NON_LITERAL_NULL_CONVERSION = YES;
				CLANG_WARN_OBJC_IMPLICIT_RETAIN_SELF = YES;
				CLANG_WARN_OBJC_LITERAL_CONVERSION = YES;
				CLANG_WARN_OBJC_ROOT_CLASS = YES_ERROR;
				CLANG_WARN_QUOTED_INCLUDE_IN_FRAMEWORK_HEADER = YES;
				CLANG_WARN_RANGE_LOOP_ANALYSIS = YES;
				CLANG_WARN_STRICT_PROTOTYPES = YES;
				CLANG_WARN_SUSPICIOUS_MOVE = YES;
				CLANG_WARN_UNGUARDED_AVAILABILITY = YES_AGGRESSIVE;
				CLANG_WARN_UNREACHABLE_CODE = YES;
				CLANG_WARN__DUPLICATE_METHOD_MATCH = YES;
				COPY_PHASE_STRIP = NO;
				DEBUG_INFORMATION_FORMAT = "dwarf-with-dsym";
				ENABLE_NS_ASSERTIONS = NO;
				ENABLE_STRICT_OBJC_MSGSEND = YES;
				GCC_C_LANGUAGE_STANDARD = gnu11;
				GCC_NO_COMMON_BLOCKS = YES;
				GCC_WARN_64_TO_32_BIT_CONVERSION = YES;
				GCC_WARN_ABOUT_RETURN_TYPE = YES_ERROR;
				GCC_WARN_UNDECLARED_SELECTOR = YES;
				GCC_WARN_UNINITIALIZED_AUTOS = YES_AGGRESSIVE;
				GCC_WARN_UNUSED_FUNCTION = YES;
				GCC_WARN_UNUSED_VARIABLE = YES;
				IPHONEOS_DEPLOYMENT_TARGET = 15.4;
				MTL_ENABLE_DEBUG_INFO = NO;
				MTL_FAST_MATH = YES;
				SDKROOT = iphoneos;
				SWIFT_COMPILATION_MODE = wholemodule;
				SWIFT_OPTIMIZATION_LEVEL = "-O";
				VALIDATE_PRODUCT = YES;
			};
			name = Release;
		};
		6334871D27FDC96C00C3CE30 /* Debug */ = {
			isa = XCBuildConfiguration;
			baseConfigurationReference = C095792368C8C8AC3F2AD722 /* Pods-Homework.debug.xcconfig */;
			buildSettings = {
				ASSETCATALOG_COMPILER_APPICON_NAME = AppIcon;
				ASSETCATALOG_COMPILER_GLOBAL_ACCENT_COLOR_NAME = AccentColor;
				CODE_SIGN_STYLE = Automatic;
				CURRENT_PROJECT_VERSION = 1;
				DEVELOPMENT_TEAM = HJBBGBLPAM;
				GENERATE_INFOPLIST_FILE = YES;
				INFOPLIST_FILE = Homework/Info.plist;
				INFOPLIST_KEY_UIApplicationSupportsIndirectInputEvents = YES;
				INFOPLIST_KEY_UILaunchStoryboardName = LaunchScreen;
				INFOPLIST_KEY_UISupportedInterfaceOrientations_iPad = "UIInterfaceOrientationPortrait UIInterfaceOrientationPortraitUpsideDown UIInterfaceOrientationLandscapeLeft UIInterfaceOrientationLandscapeRight";
				INFOPLIST_KEY_UISupportedInterfaceOrientations_iPhone = "UIInterfaceOrientationPortrait UIInterfaceOrientationLandscapeLeft UIInterfaceOrientationLandscapeRight";
				LD_RUNPATH_SEARCH_PATHS = (
					"$(inherited)",
					"@executable_path/Frameworks",
				);
				MARKETING_VERSION = 1.0;
				PRODUCT_BUNDLE_IDENTIFIER = io.hello.Homework;
				PRODUCT_NAME = "$(TARGET_NAME)";
				SWIFT_EMIT_LOC_STRINGS = YES;
				SWIFT_VERSION = 5.0;
				TARGETED_DEVICE_FAMILY = "1,2";
			};
			name = Debug;
		};
		6334871E27FDC96C00C3CE30 /* Release */ = {
			isa = XCBuildConfiguration;
			baseConfigurationReference = 3E9079A6CF44ED1C2C3AD50C /* Pods-Homework.release.xcconfig */;
			buildSettings = {
				ASSETCATALOG_COMPILER_APPICON_NAME = AppIcon;
				ASSETCATALOG_COMPILER_GLOBAL_ACCENT_COLOR_NAME = AccentColor;
				CODE_SIGN_STYLE = Automatic;
				CURRENT_PROJECT_VERSION = 1;
				DEVELOPMENT_TEAM = HJBBGBLPAM;
				GENERATE_INFOPLIST_FILE = YES;
				INFOPLIST_FILE = Homework/Info.plist;
				INFOPLIST_KEY_UIApplicationSupportsIndirectInputEvents = YES;
				INFOPLIST_KEY_UILaunchStoryboardName = LaunchScreen;
				INFOPLIST_KEY_UISupportedInterfaceOrientations_iPad = "UIInterfaceOrientationPortrait UIInterfaceOrientationPortraitUpsideDown UIInterfaceOrientationLandscapeLeft UIInterfaceOrientationLandscapeRight";
				INFOPLIST_KEY_UISupportedInterfaceOrientations_iPhone = "UIInterfaceOrientationPortrait UIInterfaceOrientationLandscapeLeft UIInterfaceOrientationLandscapeRight";
				LD_RUNPATH_SEARCH_PATHS = (
					"$(inherited)",
					"@executable_path/Frameworks",
				);
				MARKETING_VERSION = 1.0;
				PRODUCT_BUNDLE_IDENTIFIER = io.hello.Homework;
				PRODUCT_NAME = "$(TARGET_NAME)";
				SWIFT_EMIT_LOC_STRINGS = YES;
				SWIFT_VERSION = 5.0;
				TARGETED_DEVICE_FAMILY = "1,2";
			};
			name = Release;
		};
/* End XCBuildConfiguration section */

/* Begin XCConfigurationList section */
		6334870327FDC96B00C3CE30 /* Build configuration list for PBXProject "Homework" */ = {
			isa = XCConfigurationList;
			buildConfigurations = (
				6334871A27FDC96C00C3CE30 /* Debug */,
				6334871B27FDC96C00C3CE30 /* Release */,
			);
			defaultConfigurationIsVisible = 0;
			defaultConfigurationName = Release;
		};
		6334871C27FDC96C00C3CE30 /* Build configuration list for PBXNativeTarget "Homework" */ = {
			isa = XCConfigurationList;
			buildConfigurations = (
				6334871D27FDC96C00C3CE30 /* Debug */,
				6334871E27FDC96C00C3CE30 /* Release */,
			);
			defaultConfigurationIsVisible = 0;
			defaultConfigurationName = Release;
		};
/* End XCConfigurationList section */
	};
	rootObject = 6334870027FDC96B00C3CE30 /* Project object */;
}
